
Microsoft Visual Studio Solution File, Format Version 12.00
# Visual Studio Version 16
VisualStudioVersion = 16.0.31605.320
MinimumVisualStudioVersion = 10.0.40219.1
Project("{9A19103F-16F7-4668-BE54-9A1E7A4F7556}") = "CCCA.API", "CleanCodeCleanArchitecture\CCCA.API.csproj", "{E3ADAB21-1DA2-4554-B7F5-E0182618A6DB}"
EndProject
Project("{9A19103F-16F7-4668-BE54-9A1E7A4F7556}") = "CCCA.Dominio", "CleanCodeCleanArchitecture.Dominio\CCCA.Dominio.csproj", "{F55F8F9B-5079-4AB2-B40F-2AA39EA83D15}"
EndProject
Project("{9A19103F-16F7-4668-BE54-9A1E7A4F7556}") = "CCCA.Dominio.Tests", "CleanCodeCleanArchitecture.Dominio.Tests\CCCA.Dominio.Tests.csproj", "{05FB463E-CCE5-4B18-83D4-0DAAD5F948A5}"
EndProject
Project("{9A19103F-16F7-4668-BE54-9A1E7A4F7556}") = "CCCA.Aplicacao", "CleanCodeCleanArchitecture.Aplicacao\CCCA.Aplicacao.csproj", "{07EA9686-FDB2-43BE-A87F-01BD2CD21CF9}"
EndProject
Project("{9A19103F-16F7-4668-BE54-9A1E7A4F7556}") = "CCCA.Aplicacao.Tests", "CCCA.Aplicacao.Tests\CCCA.Aplicacao.Tests.csproj", "{105CD444-EABA-4A8B-8602-17080810A127}"
EndProject
Project("{FAE04EC0-301F-11D3-BF4B-00C04F79EFBC}") = "CCCA.Infra", "CCCA.Infra\CCCA.Infra.csproj", "{F591AA73-A146-4693-A381-F608AEBBABD3}"
EndProject
Global
	GlobalSection(SolutionConfigurationPlatforms) = preSolution
		Debug|Any CPU = Debug|Any CPU
		Release|Any CPU = Release|Any CPU
	EndGlobalSection
	GlobalSection(ProjectConfigurationPlatforms) = postSolution
		{E3ADAB21-1DA2-4554-B7F5-E0182618A6DB}.Debug|Any CPU.ActiveCfg = Debug|Any CPU
		{E3ADAB21-1DA2-4554-B7F5-E0182618A6DB}.Debug|Any CPU.Build.0 = Debug|Any CPU
		{E3ADAB21-1DA2-4554-B7F5-E0182618A6DB}.Release|Any CPU.ActiveCfg = Release|Any CPU
		{E3ADAB21-1DA2-4554-B7F5-E0182618A6DB}.Release|Any CPU.Build.0 = Release|Any CPU
		{F55F8F9B-5079-4AB2-B40F-2AA39EA83D15}.Debug|Any CPU.ActiveCfg = Debug|Any CPU
		{F55F8F9B-5079-4AB2-B40F-2AA39EA83D15}.Debug|Any CPU.Build.0 = Debug|Any CPU
		{F55F8F9B-5079-4AB2-B40F-2AA39EA83D15}.Release|Any CPU.ActiveCfg = Release|Any CPU
		{F55F8F9B-5079-4AB2-B40F-2AA39EA83D15}.Release|Any CPU.Build.0 = Release|Any CPU
		{05FB463E-CCE5-4B18-83D4-0DAAD5F948A5}.Debug|Any CPU.ActiveCfg = Debug|Any CPU
		{05FB463E-CCE5-4B18-83D4-0DAAD5F948A5}.Debug|Any CPU.Build.0 = Debug|Any CPU
		{05FB463E-CCE5-4B18-83D4-0DAAD5F948A5}.Release|Any CPU.ActiveCfg = Release|Any CPU
		{05FB463E-CCE5-4B18-83D4-0DAAD5F948A5}.Release|Any CPU.Build.0 = Release|Any CPU
		{07EA9686-FDB2-43BE-A87F-01BD2CD21CF9}.Debug|Any CPU.ActiveCfg = Debug|Any CPU
		{07EA9686-FDB2-43BE-A87F-01BD2CD21CF9}.Debug|Any CPU.Build.0 = Debug|Any CPU
		{07EA9686-FDB2-43BE-A87F-01BD2CD21CF9}.Release|Any CPU.ActiveCfg = Release|Any CPU
		{07EA9686-FDB2-43BE-A87F-01BD2CD21CF9}.Release|Any CPU.Build.0 = Release|Any CPU
		{105CD444-EABA-4A8B-8602-17080810A127}.Debug|Any CPU.ActiveCfg = Debug|Any CPU
		{105CD444-EABA-4A8B-8602-17080810A127}.Debug|Any CPU.Build.0 = Debug|Any CPU
		{105CD444-EABA-4A8B-8602-17080810A127}.Release|Any CPU.ActiveCfg = Release|Any CPU
		{105CD444-EABA-4A8B-8602-17080810A127}.Release|Any CPU.Build.0 = Release|Any CPU
		{F591AA73-A146-4693-A381-F608AEBBABD3}.Debug|Any CPU.ActiveCfg = Debug|Any CPU
		{F591AA73-A146-4693-A381-F608AEBBABD3}.Debug|Any CPU.Build.0 = Debug|Any CPU
		{F591AA73-A146-4693-A381-F608AEBBABD3}.Release|Any CPU.ActiveCfg = Release|Any CPU
		{F591AA73-A146-4693-A381-F608AEBBABD3}.Release|Any CPU.Build.0 = Release|Any CPU
	EndGlobalSection
	GlobalSection(SolutionProperties) = preSolution
		HideSolutionNode = FALSE
	EndGlobalSection
	GlobalSection(ExtensibilityGlobals) = postSolution
		SolutionGuid = {B714174B-D524-48D1-A9EF-0C3BD4964CB4}
	EndGlobalSection
EndGlobal
